
Microsoft Visual Studio Solution File, Format Version 9.00
# Visual Studio 2005
Project("{FAE04EC0-301F-11D3-BF4B-00C04F79EFBC}") = "Borgify", "Borgify\Borgify.csproj", "{19F93404-8464-4D34-8641-49D5C351D48E}"
EndProject
Global
	GlobalSection(SolutionConfigurationPlatforms) = preSolution
		Debug|Any CPU = Debug|Any CPU
		Release|Any CPU = Release|Any CPU
	EndGlobalSection
	GlobalSection(ProjectConfigurationPlatforms) = postSolution
		{19F93404-8464-4D34-8641-49D5C351D48E}.Debug|Any CPU.ActiveCfg = Debug|Any CPU
		{19F93404-8464-4D34-8641-49D5C351D48E}.Debug|Any CPU.Build.0 = Debug|Any CPU
		{19F93404-8464-4D34-8641-49D5C351D48E}.Release|Any CPU.ActiveCfg = Release|Any CPU
		{19F93404-8464-4D34-8641-49D5C351D48E}.Release|Any CPU.Build.0 = Release|Any CPU
	EndGlobalSection
	GlobalSection(SolutionProperties) = preSolution
		HideSolutionNode = FALSE
	EndGlobalSection
EndGlobal
