
Microsoft Visual Studio Solution File, Format Version 9.00
# Visual Studio 2005
Project("{FAE04EC0-301F-11D3-BF4B-00C04F79EFBC}") = "Bassham.Diff", "Bassham.Diff\Bassham.Diff.csproj", "{93ED5D8B-805F-476D-84A0-E2EC3DF18A0E}"
EndProject
Global
	GlobalSection(SolutionConfigurationPlatforms) = preSolution
		Debug|Any CPU = Debug|Any CPU
		Release|Any CPU = Release|Any CPU
	EndGlobalSection
	GlobalSection(ProjectConfigurationPlatforms) = postSolution
		{93ED5D8B-805F-476D-84A0-E2EC3DF18A0E}.Debug|Any CPU.ActiveCfg = Debug|Any CPU
		{93ED5D8B-805F-476D-84A0-E2EC3DF18A0E}.Debug|Any CPU.Build.0 = Debug|Any CPU
		{93ED5D8B-805F-476D-84A0-E2EC3DF18A0E}.Release|Any CPU.ActiveCfg = Release|Any CPU
		{93ED5D8B-805F-476D-84A0-E2EC3DF18A0E}.Release|Any CPU.Build.0 = Release|Any CPU
	EndGlobalSection
	GlobalSection(SolutionProperties) = preSolution
		HideSolutionNode = FALSE
	EndGlobalSection
EndGlobal
