
Microsoft Visual Studio Solution File, Format Version 9.00
# Visual Studio 2005
Project("{FAE04EC0-301F-11D3-BF4B-00C04F79EFBC}") = "DirMirror", "DirMirror\DirMirror.csproj", "{ACB54A34-5A44-4B08-8D25-6F86791BE5CA}"
EndProject
Global
	GlobalSection(SolutionConfigurationPlatforms) = preSolution
		Debug|Any CPU = Debug|Any CPU
		Release|Any CPU = Release|Any CPU
	EndGlobalSection
	GlobalSection(ProjectConfigurationPlatforms) = postSolution
		{ACB54A34-5A44-4B08-8D25-6F86791BE5CA}.Debug|Any CPU.ActiveCfg = Debug|Any CPU
		{ACB54A34-5A44-4B08-8D25-6F86791BE5CA}.Debug|Any CPU.Build.0 = Debug|Any CPU
		{ACB54A34-5A44-4B08-8D25-6F86791BE5CA}.Release|Any CPU.ActiveCfg = Release|Any CPU
		{ACB54A34-5A44-4B08-8D25-6F86791BE5CA}.Release|Any CPU.Build.0 = Release|Any CPU
	EndGlobalSection
	GlobalSection(SolutionProperties) = preSolution
		HideSolutionNode = FALSE
	EndGlobalSection
EndGlobal
