
Microsoft Visual Studio Solution File, Format Version 10.00
# Visual Studio 2008
Project("{2150E333-8FDC-42A3-9474-1A3956D46DE8}") = "doc", "doc", "{85234DD3-46E3-4935-9AE0-5701D76E3BC4}"
	ProjectSection(SolutionItems) = preProject
		Episode Image Notes.txt = Episode Image Notes.txt
		Example Banners Record.xml = Example Banners Record.xml
		Example Episode Record.xml = Example Episode Record.xml
		Example Series Record.xml = Example Series Record.xml
		Example Usage.txt = Example Usage.txt
		File Structure.txt = File Structure.txt
		..\doc\GetEpisodeByAirDate.txt = ..\doc\GetEpisodeByAirDate.txt
		..\doc\GetRatingsForUser.txt = ..\doc\GetRatingsForUser.txt
		..\doc\GetSeries.txt = ..\doc\GetSeries.txt
		..\doc\User_Favorites.txt = ..\doc\User_Favorites.txt
		..\doc\User_PreferredLanguage.txt = ..\doc\User_PreferredLanguage.txt
		..\doc\User_Rating.txt = ..\doc\User_Rating.txt
	EndProjectSection
EndProject
Project("{FAE04EC0-301F-11D3-BF4B-00C04F79EFBC}") = "TheTvDb.Net", "TheTvDb.Net\TheTvDb.Net.csproj", "{B97917CB-B7AA-44A3-AEA6-232EC3871294}"
EndProject
Global
	GlobalSection(SolutionConfigurationPlatforms) = preSolution
		Debug|Any CPU = Debug|Any CPU
		Release|Any CPU = Release|Any CPU
	EndGlobalSection
	GlobalSection(ProjectConfigurationPlatforms) = postSolution
		{B97917CB-B7AA-44A3-AEA6-232EC3871294}.Debug|Any CPU.ActiveCfg = Debug|Any CPU
		{B97917CB-B7AA-44A3-AEA6-232EC3871294}.Debug|Any CPU.Build.0 = Debug|Any CPU
		{B97917CB-B7AA-44A3-AEA6-232EC3871294}.Release|Any CPU.ActiveCfg = Release|Any CPU
		{B97917CB-B7AA-44A3-AEA6-232EC3871294}.Release|Any CPU.Build.0 = Release|Any CPU
	EndGlobalSection
	GlobalSection(SolutionProperties) = preSolution
		HideSolutionNode = FALSE
	EndGlobalSection
EndGlobal
